
Microsoft Visual Studio Solution File, Format Version 12.00
# Visual Studio 2012
Project("{8BC9CEB8-8B4A-11D0-8D11-00A0C91BC942}") = "2048-SFML", "2048-SFML\2048-SFML.vcxproj", "{671D8A80-1900-4A6C-9572-21B29023EAAC}"
EndProject
Global
	GlobalSection(SolutionConfigurationPlatforms) = preSolution
		Debug|Win32 = Debug|Win32
		Release|Win32 = Release|Win32
	EndGlobalSection
	GlobalSection(ProjectConfigurationPlatforms) = postSolution
		{671D8A80-1900-4A6C-9572-21B29023EAAC}.Debug|Win32.ActiveCfg = Debug|Win32
		{671D8A80-1900-4A6C-9572-21B29023EAAC}.Debug|Win32.Build.0 = Debug|Win32
		{671D8A80-1900-4A6C-9572-21B29023EAAC}.Release|Win32.ActiveCfg = Release|Win32
		{671D8A80-1900-4A6C-9572-21B29023EAAC}.Release|Win32.Build.0 = Release|Win32
	EndGlobalSection
	GlobalSection(SolutionProperties) = preSolution
		HideSolutionNode = FALSE
	EndGlobalSection
EndGlobal
